
Microsoft Visual Studio Solution File, Format Version 12.00
# Visual Studio Version 16
VisualStudioVersion = 16.0.29102.190
MinimumVisualStudioVersion = 10.0.40219.1
Project("{FAE04EC0-301F-11D3-BF4B-00C04F79EFBC}") = "AdvancedCommandLineParser.Test", "AdvancedCommandLineParser.Test\AdvancedCommandLineParser.Test.csproj", "{A96D5B3E-099C-4276-85E4-CA9B48C4CF10}"
EndProject
Project("{FAE04EC0-301F-11D3-BF4B-00C04F79EFBC}") = "AdvancedCommandLineParser", "AdvancedCommandLineParser\AdvancedCommandLineParser.csproj", "{9430F854-09C8-4362-8801-0C102E252AF2}"
EndProject
Project("{FAE04EC0-301F-11D3-BF4B-00C04F79EFBC}") = "AdvancedCommandLineParser.Console", "AdvancedCommandLineParser.Console\AdvancedCommandLineParser.Console.csproj", "{FBD3C15A-274C-4C8A-8749-41FB393FFB23}"
EndProject
Global
	GlobalSection(SolutionConfigurationPlatforms) = preSolution
		Debug|Any CPU = Debug|Any CPU
		Release|Any CPU = Release|Any CPU
	EndGlobalSection
	GlobalSection(ProjectConfigurationPlatforms) = postSolution
		{A96D5B3E-099C-4276-85E4-CA9B48C4CF10}.Debug|Any CPU.ActiveCfg = Debug|Any CPU
		{A96D5B3E-099C-4276-85E4-CA9B48C4CF10}.Debug|Any CPU.Build.0 = Debug|Any CPU
		{A96D5B3E-099C-4276-85E4-CA9B48C4CF10}.Release|Any CPU.ActiveCfg = Release|Any CPU
		{A96D5B3E-099C-4276-85E4-CA9B48C4CF10}.Release|Any CPU.Build.0 = Release|Any CPU
		{9430F854-09C8-4362-8801-0C102E252AF2}.Debug|Any CPU.ActiveCfg = Debug|Any CPU
		{9430F854-09C8-4362-8801-0C102E252AF2}.Debug|Any CPU.Build.0 = Debug|Any CPU
		{9430F854-09C8-4362-8801-0C102E252AF2}.Release|Any CPU.ActiveCfg = Release|Any CPU
		{9430F854-09C8-4362-8801-0C102E252AF2}.Release|Any CPU.Build.0 = Release|Any CPU
		{FBD3C15A-274C-4C8A-8749-41FB393FFB23}.Debug|Any CPU.ActiveCfg = Debug|Any CPU
		{FBD3C15A-274C-4C8A-8749-41FB393FFB23}.Debug|Any CPU.Build.0 = Debug|Any CPU
		{FBD3C15A-274C-4C8A-8749-41FB393FFB23}.Release|Any CPU.ActiveCfg = Release|Any CPU
		{FBD3C15A-274C-4C8A-8749-41FB393FFB23}.Release|Any CPU.Build.0 = Release|Any CPU
	EndGlobalSection
	GlobalSection(SolutionProperties) = preSolution
		HideSolutionNode = FALSE
	EndGlobalSection
	GlobalSection(ExtensibilityGlobals) = postSolution
		SolutionGuid = {309CFD9A-7A3D-4C7D-A7F9-F2040E24383B}
	EndGlobalSection
EndGlobal
